Microsoft Visual Studio Solution File, Format Version 12.00
# Visual Studio Version 17
VisualStudioVersion = 17.0.31903.59
MinimumVisualStudioVersion = 10.0.40219.1
Project("{9A19103F-16F7-4668-BE54-9A1E7A4F7556}") = "OuterloopLabApi", "OuterloopLabApi.csproj", "{724C6D28-4A10-4D70-A72B-80FBB9E0CDB4}"
EndProject
Project("{9A19103F-16F7-4668-BE54-9A1E7A4F7556}") = "OuterloopLabApi.Tests", "Tests\OuterloopLabApi.Tests.csproj", "{9113D610-BBC4-444F-A2C3-B9B93A045C7E}"
EndProject
Global
	GlobalSection(SolutionConfigurationPlatforms) = preSolution
		Debug|Any CPU = Debug|Any CPU
		Release|Any CPU = Release|Any CPU
	EndGlobalSection
	GlobalSection(ProjectConfigurationPlatforms) = postSolution
		{724C6D28-4A10-4D70-A72B-80FBB9E0CDB4}.Debug|Any CPU.ActiveCfg = Debug|Any CPU
		{724C6D28-4A10-4D70-A72B-80FBB9E0CDB4}.Debug|Any CPU.Build.0 = Debug|Any CPU
		{724C6D28-4A10-4D70-A72B-80FBB9E0CDB4}.Release|Any CPU.ActiveCfg = Release|Any CPU
		{724C6D28-4A10-4D70-A72B-80FBB9E0CDB4}.Release|Any CPU.Build.0 = Release|Any CPU
		{9113D610-BBC4-444F-A2C3-B9B93A045C7E}.Debug|Any CPU.ActiveCfg = Debug|Any CPU
		{9113D610-BBC4-444F-A2C3-B9B93A045C7E}.Debug|Any CPU.Build.0 = Debug|Any CPU
		{9113D610-BBC4-444F-A2C3-B9B93A045C7E}.Release|Any CPU.ActiveCfg = Release|Any CPU
		{9113D610-BBC4-444F-A2C3-B9B93A045C7E}.Release|Any CPU.Build.0 = Release|Any CPU
	EndGlobalSection
	GlobalSection(SolutionProperties) = preSolution
		HideSolutionNode = FALSE
	EndGlobalSection
EndGlobal
